// !$*UTF8*$!
{
	archiveVersion = 1;
	classes = {
	};
	objectVersion = 46;
	objects = {

/* Begin PBXBuildFile section */
		DC5E6C691AFFBFC7003E88FC /* AppDelegate.swift in Sources */ = {isa = PBXBuildFile; fileRef = DC5E6C681AFFBFC7003E88FC /* AppDelegate.swift */; };
		DC5E6C6B1AFFBFC7003E88FC /* PlayViewController.swift in Sources */ = {isa = PBXBuildFile; fileRef = DC5E6C6A1AFFBFC7003E88FC /* PlayViewController.swift */; };
		DC5E6C6E1AFFBFC7003E88FC /* Main.storyboard in Resources */ = {isa = PBXBuildFile; fileRef = DC5E6C6C1AFFBFC7003E88FC /* Main.storyboard */; };
		DC5E6C701AFFBFC7003E88FC /* Images.xcassets in Resources */ = {isa = PBXBuildFile; fileRef = DC5E6C6F1AFFBFC7003E88FC /* Images.xcassets */; };
		DC5E6C731AFFBFC7003E88FC /* LaunchScreen.xib in Resources */ = {isa = PBXBuildFile; fileRef = DC5E6C711AFFBFC7003E88FC /* LaunchScreen.xib */; };
		DC5E6C7F1AFFBFC8003E88FC /* RoshamboTests.swift in Sources */ = {isa = PBXBuildFile; fileRef = DC5E6C7E1AFFBFC8003E88FC /* RoshamboTests.swift */; };
		DCE0775D1B0287F6004CD6AB /* ResultViewController.swift in Sources */ = {isa = PBXBuildFile; fileRef = DCE0775C1B0287F6004CD6AB /* ResultViewController.swift */; };
/* End PBXBuildFile section */

/* Begin PBXContainerItemProxy section */
		DC5E6C791AFFBFC8003E88FC /* PBXContainerItemProxy */ = {
			isa = PBXContainerItemProxy;
			containerPortal = DC5E6C5B1AFFBFC7003E88FC /* Project object */;
			proxyType = 1;
			remoteGlobalIDString = DC5E6C621AFFBFC7003E88FC;
			remoteInfo = Roshambo;
		};
/* End PBXContainerItemProxy section */

/* Begin PBXFileReference section */
		DC5E6C631AFFBFC7003E88FC /* Roshambo.app */ = {isa = PBXFileReference; explicitFileType = wrapper.application; includeInIndex = 0; path = Roshambo.app; sourceTree = BUILT_PRODUCTS_DIR; };
		DC5E6C671AFFBFC7003E88FC /* Info.plist */ = {isa = PBXFileReference; lastKnownFileType = text.plist.xml; path = Info.plist; sourceTree = "<group>"; };
		DC5E6C681AFFBFC7003E88FC /* AppDelegate.swift */ = {isa = PBXFileReference; lastKnownFileType = sourcecode.swift; path = AppDelegate.swift; sourceTree = "<group>"; };
		DC5E6C6A1AFFBFC7003E88FC /* PlayViewController.swift */ = {isa = PBXFileReference; lastKnownFileType = sourcecode.swift; path = PlayViewController.swift; sourceTree = "<group>"; };
		DC5E6C6D1AFFBFC7003E88FC /* Base */ = {isa = PBXFileReference; lastKnownFileType = file.storyboard; name = Base; path = Base.lproj/Main.storyboard; sourceTree = "<group>"; };
		DC5E6C6F1AFFBFC7003E88FC /* Images.xcassets */ = {isa = PBXFileReference; lastKnownFileType = folder.assetcatalog; path = Images.xcassets; sourceTree = "<group>"; };
		DC5E6C721AFFBFC7003E88FC /* Base */ = {isa = PBXFileReference; lastKnownFileType = file.xib; name = Base; path = Base.lproj/LaunchScreen.xib; sourceTree = "<group>"; };
		DC5E6C781AFFBFC8003E88FC /* RoshamboTests.xctest */ = {isa = PBXFileReference; explicitFileType = wrapper.cfbundle; includeInIndex = 0; path = RoshamboTests.xctest; sourceTree = BUILT_PRODUCTS_DIR; };
		DC5E6C7D1AFFBFC8003E88FC /* Info.plist */ = {isa = PBXFileReference; lastKnownFileType = text.plist.xml; path = Info.plist; sourceTree = "<group>"; };
		DC5E6C7E1AFFBFC8003E88FC /* RoshamboTests.swift */ = {isa = PBXFileReference; lastKnownFileType = sourcecode.swift; path = RoshamboTests.swift; sourceTree = "<group>"; };
		DCE0775C1B0287F6004CD6AB /* ResultViewController.swift */ = {isa = PBXFileReference; fileEncoding = 4; lastKnownFileType = sourcecode.swift; path = ResultViewController.swift; sourceTree = "<group>"; };
/* End PBXFileReference section */

/* Begin PBXFrameworksBuildPhase section */
		DC5E6C601AFFBFC7003E88FC /* Frameworks */ = {
			isa = PBXFrameworksBuildPhase;
			buildActionMask = 2147483647;
			files = (
			);
			runOnlyForDeploymentPostprocessing = 0;
		};
		DC5E6C751AFFBFC8003E88FC /* Frameworks */ = {
			isa = PBXFrameworksBuildPhase;
			buildActionMask = 2147483647;
			files = (
			);
			runOnlyForDeploymentPostprocessing = 0;
		};
/* End PBXFrameworksBuildPhase section */

/* Begin PBXGroup section */
		DC5E6C5A1AFFBFC7003E88FC = {
			isa = PBXGroup;
			children = (
				DC5E6C651AFFBFC7003E88FC /* Roshambo */,
				DC5E6C7B1AFFBFC8003E88FC /* RoshamboTests */,
				DC5E6C641AFFBFC7003E88FC /* Products */,
			);
			sourceTree = "<group>";
		};
		DC5E6C641AFFBFC7003E88FC /* Products */ = {
			isa = PBXGroup;
			children = (
				DC5E6C631AFFBFC7003E88FC /* Roshambo.app */,
				DC5E6C781AFFBFC8003E88FC /* RoshamboTests.xctest */,
			);
			name = Products;
			sourceTree = "<group>";
		};
		DC5E6C651AFFBFC7003E88FC /* Roshambo */ = {
			isa = PBXGroup;
			children = (
				DC5E6C681AFFBFC7003E88FC /* AppDelegate.swift */,
				DC5E6C6A1AFFBFC7003E88FC /* PlayViewController.swift */,
				DCE0775C1B0287F6004CD6AB /* ResultViewController.swift */,
				DC5E6C6C1AFFBFC7003E88FC /* Main.storyboard */,
				DC5E6C6F1AFFBFC7003E88FC /* Images.xcassets */,
				DC5E6C711AFFBFC7003E88FC /* LaunchScreen.xib */,
				DC5E6C661AFFBFC7003E88FC /* Supporting Files */,
			);
			path = Roshambo;
			sourceTree = "<group>";
		};
		DC5E6C661AFFBFC7003E88FC /* Supporting Files */ = {
			isa = PBXGroup;
			children = (
				DC5E6C671AFFBFC7003E88FC /* Info.plist */,
			);
			name = "Supporting Files";
			sourceTree = "<group>";
		};
		DC5E6C7B1AFFBFC8003E88FC /* RoshamboTests */ = {
			isa = PBXGroup;
			children = (
				DC5E6C7E1AFFBFC8003E88FC /* RoshamboTests.swift */,
				DC5E6C7C1AFFBFC8003E88FC /* Supporting Files */,
			);
			path = RoshamboTests;
			sourceTree = "<group>";
		};
		DC5E6C7C1AFFBFC8003E88FC /* Supporting Files */ = {
			isa = PBXGroup;
			children = (
				DC5E6C7D1AFFBFC8003E88FC /* Info.plist */,
			);
			name = "Supporting Files";
			sourceTree = "<group>";
		};
/* End PBXGroup section */

/* Begin PBXNativeTarget section */
		DC5E6C621AFFBFC7003E88FC /* Roshambo */ = {
			isa = PBXNativeTarget;
			buildConfigurationList = DC5E6C821AFFBFC8003E88FC /* Build configuration list for PBXNativeTarget "Roshambo" */;
			buildPhases = (
				DC5E6C5F1AFFBFC7003E88FC /* Sources */,
				DC5E6C601AFFBFC7003E88FC /* Frameworks */,
				DC5E6C611AFFBFC7003E88FC /* Resources */,
			);
			buildRules = (
			);
			dependencies = (
			);
			name = Roshambo;
			productName = Roshambo;
			productReference = DC5E6C631AFFBFC7003E88FC /* Roshambo.app */;
			productType = "com.apple.product-type.application";
		};
		DC5E6C771AFFBFC8003E88FC /* RoshamboTests */ = {
			isa = PBXNativeTarget;
			buildConfigurationList = DC5E6C851AFFBFC8003E88FC /* Build configuration list for PBXNativeTarget "RoshamboTests" */;
			buildPhases = (
				DC5E6C741AFFBFC8003E88FC /* Sources */,
				DC5E6C751AFFBFC8003E88FC /* Frameworks */,
				DC5E6C761AFFBFC8003E88FC /* Resources */,
			);
			buildRules = (
			);
			dependencies = (
				DC5E6C7A1AFFBFC8003E88FC /* PBXTargetDependency */,
			);
			name = RoshamboTests;
			productName = RoshamboTests;
			productReference = DC5E6C781AFFBFC8003E88FC /* RoshamboTests.xctest */;
			productType = "com.apple.product-type.bundle.unit-test";
		};
/* End PBXNativeTarget section */

/* Begin PBXProject section */
		DC5E6C5B1AFFBFC7003E88FC /* Project object */ = {
			isa = PBXProject;
			attributes = {
				LastUpgradeCheck = 0630;
				ORGANIZATIONNAME = "Felix Christmann-Jacoby";
				TargetAttributes = {
					DC5E6C621AFFBFC7003E88FC = {
						CreatedOnToolsVersion = 6.3;
					};
					DC5E6C771AFFBFC8003E88FC = {
						CreatedOnToolsVersion = 6.3;
						TestTargetID = DC5E6C621AFFBFC7003E88FC;
					};
				};
			};
			buildConfigurationList = DC5E6C5E1AFFBFC7003E88FC /* Build configuration list for PBXProject "Roshambo" */;
			compatibilityVersion = "Xcode 3.2";
			developmentRegion = English;
			hasScannedForEncodings = 0;
			knownRegions = (
				en,
				Base,
			);
			mainGroup = DC5E6C5A1AFFBFC7003E88FC;
			productRefGroup = DC5E6C641AFFBFC7003E88FC /* Products */;
			projectDirPath = "";
			projectRoot = "";
			targets = (
				DC5E6C621AFFBFC7003E88FC /* Roshambo */,
				DC5E6C771AFFBFC8003E88FC /* RoshamboTests */,
			);
		};
/* End PBXProject section */

/* Begin PBXResourcesBuildPhase section */
		DC5E6C611AFFBFC7003E88FC /* Resources */ = {
			isa = PBXResourcesBuildPhase;
			buildActionMask = 2147483647;
			files = (
				DC5E6C6E1AFFBFC7003E88FC /* Main.storyboard in Resources */,
				DC5E6C731AFFBFC7003E88FC /* LaunchScreen.xib in Resources */,
				DC5E6C701AFFBFC7003E88FC /* Images.xcassets in Resources */,
			);
			runOnlyForDeploymentPostprocessing = 0;
		};
		DC5E6C761AFFBFC8003E88FC /* Resources */ = {
			isa = PBXResourcesBuildPhase;
			buildActionMask = 2147483647;
			files = (
			);
			runOnlyForDeploymentPostprocessing = 0;
		};
/* End PBXResourcesBuildPhase section */

/* Begin PBXSourcesBuildPhase section */
		DC5E6C5F1AFFBFC7003E88FC /* Sources */ = {
			isa = PBXSourcesBuildPhase;
			buildActionMask = 2147483647;
			files = (
				DC5E6C6B1AFFBFC7003E88FC /* PlayViewController.swift in Sources */,
				DC5E6C691AFFBFC7003E88FC /* AppDelegate.swift in Sources */,
				DCE0775D1B0287F6004CD6AB /* ResultViewController.swift in Sources */,
			);
			runOnlyForDeploymentPostprocessing = 0;
		};
		DC5E6C741AFFBFC8003E88FC /* Sources */ = {
			isa = PBXSourcesBuildPhase;
			buildActionMask = 2147483647;
			files = (
				DC5E6C7F1AFFBFC8003E88FC /* RoshamboTests.swift in Sources */,
			);
			runOnlyForDeploymentPostprocessing = 0;
		};
/* End PBXSourcesBuildPhase section */

/* Begin PBXTargetDependency section */
		DC5E6C7A1AFFBFC8003E88FC /* PBXTargetDependency */ = {
			isa = PBXTargetDependency;
			target = DC5E6C621AFFBFC7003E88FC /* Roshambo */;
			targetProxy = DC5E6C791AFFBFC8003E88FC /* PBXContainerItemProxy */;
		};
/* End PBXTargetDependency section */

/* Begin PBXVariantGroup section */
		DC5E6C6C1AFFBFC7003E88FC /* Main.storyboard */ = {
			isa = PBXVariantGroup;
			children = (
				DC5E6C6D1AFFBFC7003E88FC /* Base */,
			);
			name = Main.storyboard;
			sourceTree = "<group>";
		};
		DC5E6C711AFFBFC7003E88FC /* LaunchScreen.xib */ = {
			isa = PBXVariantGroup;
			children = (
				DC5E6C721AFFBFC7003E88FC /* Base */,
			);
			name = LaunchScreen.xib;
			sourceTree = "<group>";
		};
/* End PBXVariantGroup section */

/* Begin XCBuildConfiguration section */
		DC5E6C801AFFBFC8003E88FC /* Debug */ = {
			isa = XCBuildConfiguration;
			buildSettings = {
				ALWAYS_SEARCH_USER_PATHS = NO;
				CLANG_CXX_LANGUAGE_STANDARD = "gnu++0x";
				CLANG_CXX_LIBRARY = "libc++";
				CLANG_ENABLE_MODULES = YES;
				CLANG_ENABLE_OBJC_ARC = YES;
				CLANG_WARN_BOOL_CONVERSION = YES;
				CLANG_WARN_CONSTANT_CONVERSION = YES;
				CLANG_WARN_DIRECT_OBJC_ISA_USAGE = YES_ERROR;
				CLANG_WARN_EMPTY_BODY = YES;
				CLANG_WARN_ENUM_CONVERSION = YES;
				CLANG_WARN_INT_CONVERSION = YES;
				CLANG_WARN_OBJC_ROOT_CLASS = YES_ERROR;
				CLANG_WARN_UNREACHABLE_CODE = YES;
				CLANG_WARN__DUPLICATE_METHOD_MATCH = YES;
				"CODE_SIGN_IDENTITY[sdk=iphoneos*]" = "iPhone Developer";
				COPY_PHASE_STRIP = NO;
				DEBUG_INFORMATION_FORMAT = "dwarf-with-dsym";
				ENABLE_STRICT_OBJC_MSGSEND = YES;
				GCC_C_LANGUAGE_STANDARD = gnu99;
				GCC_DYNAMIC_NO_PIC = NO;
				GCC_NO_COMMON_BLOCKS = YES;
				GCC_OPTIMIZATION_LEVEL = 0;
				GCC_PREPROCESSOR_DEFINITIONS = (
					"DEBUG=1",
					"$(inherited)",
				);
				GCC_SYMBOLS_PRIVATE_EXTERN = NO;
				GCC_WARN_64_TO_32_BIT_CONVERSION = YES;
				GCC_WARN_ABOUT_RETURN_TYPE = YES_ERROR;
				GCC_WARN_UNDECLARED_SELECTOR = YES;
				GCC_WARN_UNINITIALIZED_AUTOS = YES_AGGRESSIVE;
				GCC_WARN_UNUSED_FUNCTION = YES;
				GCC_WARN_UNUSED_VARIABLE = YES;
				IPHONEOS_DEPLOYMENT_TARGET = 8.3;
				MTL_ENABLE_DEBUG_INFO = YES;
				ONLY_ACTIVE_ARCH = YES;
				SDKROOT = iphoneos;
				SWIFT_OPTIMIZATION_LEVEL = "-Onone";
			};
			name = Debug;
		};
		DC5E6C811AFFBFC8003E88FC /* Release */ = {
			isa = XCBuildConfiguration;
			buildSettings = {
				ALWAYS_SEARCH_USER_PATHS = NO;
				CLANG_CXX_LANGUAGE_STANDARD = "gnu++0x";
				CLANG_CXX_LIBRARY = "libc++";
				CLANG_ENABLE_MODULES = YES;
				CLANG_ENABLE_OBJC_ARC = YES;
				CLANG_WARN_BOOL_CONVERSION = YES;
				CLANG_WARN_CONSTANT_CONVERSION = YES;
				CLANG_WARN_DIRECT_OBJC_ISA_USAGE = YES_ERROR;
				CLANG_WARN_EMPTY_BODY = YES;
				CLANG_WARN_ENUM_CONVERSION = YES;
				CLANG_WARN_INT_CONVERSION = YES;
				CLANG_WARN_OBJC_ROOT_CLASS = YES_ERROR;
				CLANG_WARN_UNREACHABLE_CODE = YES;
				CLANG_WARN__DUPLICATE_METHOD_MATCH = YES;
				"CODE_SIGN_IDENTITY[sdk=iphoneos*]" = "iPhone Developer";
				COPY_PHASE_STRIP = NO;
				DEBUG_INFORMATION_FORMAT = "dwarf-with-dsym";
				ENABLE_NS_ASSERTIONS = NO;
				ENABLE_STRICT_OBJC_MSGSEND = YES;
				GCC_C_LANGUAGE_STANDARD = gnu99;
				GCC_NO_COMMON_BLOCKS = YES;
				GCC_WARN_64_TO_32_BIT_CONVERSION = YES;
				GCC_WARN_ABOUT_RETURN_TYPE = YES_ERROR;
				GCC_WARN_UNDECLARED_SELECTOR = YES;
				GCC_WARN_UNINITIALIZED_AUTOS = YES_AGGRESSIVE;
				GCC_WARN_UNUSED_FUNCTION = YES;
				GCC_WARN_UNUSED_VARIABLE = YES;
				IPHONEOS_DEPLOYMENT_TARGET = 8.3;
				MTL_ENABLE_DEBUG_INFO = NO;
				SDKROOT = iphoneos;
				VALIDATE_PRODUCT = YES;
			};
			name = Release;
		};
		DC5E6C831AFFBFC8003E88FC /* Debug */ = {
			isa = XCBuildConfiguration;
			buildSettings = {
				ASSETCATALOG_COMPILER_APPICON_NAME = AppIcon;
				INFOPLIST_FILE = Roshambo/Info.plist;
				LD_RUNPATH_SEARCH_PATHS = "$(inherited) @executable_path/Frameworks";
				PRODUCT_NAME = "$(TARGET_NAME)";
			};
			name = Debug;
		};
		DC5E6C841AFFBFC8003E88FC /* Release */ = {
			isa = XCBuildConfiguration;
			buildSettings = {
				ASSETCATALOG_COMPILER_APPICON_NAME = AppIcon;
				INFOPLIST_FILE = Roshambo/Info.plist;
				LD_RUNPATH_SEARCH_PATHS = "$(inherited) @executable_path/Frameworks";
				PRODUCT_NAME = "$(TARGET_NAME)";
			};
			name = Release;
		};
		DC5E6C861AFFBFC8003E88FC /* Debug */ = {
			isa = XCBuildConfiguration;
			buildSettings = {
				BUNDLE_LOADER = "$(TEST_HOST)";
				FRAMEWORK_SEARCH_PATHS = (
					"$(SDKROOT)/Developer/Library/Frameworks",
					"$(inherited)",
				);
				GCC_PREPROCESSOR_DEFINITIONS = (
					"DEBUG=1",
					"$(inherited)",
				);
				INFOPLIST_FILE = RoshamboTests/Info.plist;
				LD_RUNPATH_SEARCH_PATHS = "$(inherited) @executable_path/Frameworks @loader_path/Frameworks";
				PRODUCT_NAME = "$(TARGET_NAME)";
				TEST_HOST = "$(BUILT_PRODUCTS_DIR)/Roshambo.app/Roshambo";
			};
			name = Debug;
		};
		DC5E6C871AFFBFC8003E88FC /* Release */ = {
			isa = XCBuildConfiguration;
			buildSettings = {
				BUNDLE_LOADER = "$(TEST_HOST)";
				FRAMEWORK_SEARCH_PATHS = (
					"$(SDKROOT)/Developer/Library/Frameworks",
					"$(inherited)",
				);
				INFOPLIST_FILE = RoshamboTests/Info.plist;
				LD_RUNPATH_SEARCH_PATHS = "$(inherited) @executable_path/Frameworks @loader_path/Frameworks";
				PRODUCT_NAME = "$(TARGET_NAME)";
				TEST_HOST = "$(BUILT_PRODUCTS_DIR)/Roshambo.app/Roshambo";
			};
			name = Release;
		};
/* End XCBuildConfiguration section */

/* Begin XCConfigurationList section */
		DC5E6C5E1AFFBFC7003E88FC /* Build configuration list for PBXProject "Roshambo" */ = {
			isa = XCConfigurationList;
			buildConfigurations = (
				DC5E6C801AFFBFC8003E88FC /* Debug */,
				DC5E6C811AFFBFC8003E88FC /* Release */,
			);
			defaultConfigurationIsVisible = 0;
			defaultConfigurationName = Release;
		};
		DC5E6C821AFFBFC8003E88FC /* Build configuration list for PBXNativeTarget "Roshambo" */ = {
			isa = XCConfigurationList;
			buildConfigurations = (
				DC5E6C831AFFBFC8003E88FC /* Debug */,
				DC5E6C841AFFBFC8003E88FC /* Release */,
			);
			defaultConfigurationIsVisible = 0;
			defaultConfigurationName = Release;
		};
		DC5E6C851AFFBFC8003E88FC /* Build configuration list for PBXNativeTarget "RoshamboTests" */ = {
			isa = XCConfigurationList;
			buildConfigurations = (
				DC5E6C861AFFBFC8003E88FC /* Debug */,
				DC5E6C871AFFBFC8003E88FC /* Release */,
			);
			defaultConfigurationIsVisible = 0;
			defaultConfigurationName = Release;
		};
/* End XCConfigurationList section */
	};
	rootObject = DC5E6C5B1AFFBFC7003E88FC /* Project object */;
}
